
Microsoft Visual Studio Solution File, Format Version 12.00
# Visual Studio Version 17
VisualStudioVersion = 17.0.31903.59
MinimumVisualStudioVersion = 10.0.40219.1
Project("{FAE04EC0-301F-11D3-BF4B-00C04F79EFBC}") = "DhoobiGO.Domain", "DhoobiGO.Domain\DhoobiGO.Domain.csproj", "{73C89A25-B6DA-42FB-BFCF-B7E455D6BD4C}"
EndProject
Project("{FAE04EC0-301F-11D3-BF4B-00C04F79EFBC}") = "DhoobiGO.Application", "DhoobiGO.Application\DhoobiGO.Application.csproj", "{1B17FEE2-1090-4475-B452-3A72F814A2FB}"
EndProject
Project("{FAE04EC0-301F-11D3-BF4B-00C04F79EFBC}") = "DhoobiGO.Infrastructure", "DhoobiGO.Infrastructure\DhoobiGO.Infrastructure.csproj", "{C6902CD9-8A83-476C-B4BB-C6E5DAC14613}"
EndProject
Project("{FAE04EC0-301F-11D3-BF4B-00C04F79EFBC}") = "DhoobiGO.API", "DhoobiGO.API\DhoobiGO.API.csproj", "{88F837BC-0CFD-43F0-A47B-8CEAC3010933}"
EndProject
Global
	GlobalSection(SolutionConfigurationPlatforms) = preSolution
		Debug|Any CPU = Debug|Any CPU
		Debug|x64 = Debug|x64
		Debug|x86 = Debug|x86
		Release|Any CPU = Release|Any CPU
		Release|x64 = Release|x64
		Release|x86 = Release|x86
	EndGlobalSection
	GlobalSection(ProjectConfigurationPlatforms) = postSolution
		{73C89A25-B6DA-42FB-BFCF-B7E455D6BD4C}.Debug|Any CPU.ActiveCfg = Debug|Any CPU
		{73C89A25-B6DA-42FB-BFCF-B7E455D6BD4C}.Debug|Any CPU.Build.0 = Debug|Any CPU
		{73C89A25-B6DA-42FB-BFCF-B7E455D6BD4C}.Debug|x64.ActiveCfg = Debug|Any CPU
		{73C89A25-B6DA-42FB-BFCF-B7E455D6BD4C}.Debug|x64.Build.0 = Debug|Any CPU
		{73C89A25-B6DA-42FB-BFCF-B7E455D6BD4C}.Debug|x86.ActiveCfg = Debug|Any CPU
		{73C89A25-B6DA-42FB-BFCF-B7E455D6BD4C}.Debug|x86.Build.0 = Debug|Any CPU
		{73C89A25-B6DA-42FB-BFCF-B7E455D6BD4C}.Release|Any CPU.ActiveCfg = Release|Any CPU
		{73C89A25-B6DA-42FB-BFCF-B7E455D6BD4C}.Release|Any CPU.Build.0 = Release|Any CPU
		{73C89A25-B6DA-42FB-BFCF-B7E455D6BD4C}.Release|x64.ActiveCfg = Release|Any CPU
		{73C89A25-B6DA-42FB-BFCF-B7E455D6BD4C}.Release|x64.Build.0 = Release|Any CPU
		{73C89A25-B6DA-42FB-BFCF-B7E455D6BD4C}.Release|x86.ActiveCfg = Release|Any CPU
		{73C89A25-B6DA-42FB-BFCF-B7E455D6BD4C}.Release|x86.Build.0 = Release|Any CPU
		{1B17FEE2-1090-4475-B452-3A72F814A2FB}.Debug|Any CPU.ActiveCfg = Debug|Any CPU
		{1B17FEE2-1090-4475-B452-3A72F814A2FB}.Debug|Any CPU.Build.0 = Debug|Any CPU
		{1B17FEE2-1090-4475-B452-3A72F814A2FB}.Debug|x64.ActiveCfg = Debug|Any CPU
		{1B17FEE2-1090-4475-B452-3A72F814A2FB}.Debug|x64.Build.0 = Debug|Any CPU
		{1B17FEE2-1090-4475-B452-3A72F814A2FB}.Debug|x86.ActiveCfg = Debug|Any CPU
		{1B17FEE2-1090-4475-B452-3A72F814A2FB}.Debug|x86.Build.0 = Debug|Any CPU
		{1B17FEE2-1090-4475-B452-3A72F814A2FB}.Release|Any CPU.ActiveCfg = Release|Any CPU
		{1B17FEE2-1090-4475-B452-3A72F814A2FB}.Release|Any CPU.Build.0 = Release|Any CPU
		{1B17FEE2-1090-4475-B452-3A72F814A2FB}.Release|x64.ActiveCfg = Release|Any CPU
		{1B17FEE2-1090-4475-B452-3A72F814A2FB}.Release|x64.Build.0 = Release|Any CPU
		{1B17FEE2-1090-4475-B452-3A72F814A2FB}.Release|x86.ActiveCfg = Release|Any CPU
		{1B17FEE2-1090-4475-B452-3A72F814A2FB}.Release|x86.Build.0 = Release|Any CPU
		{C6902CD9-8A83-476C-B4BB-C6E5DAC14613}.Debug|Any CPU.ActiveCfg = Debug|Any CPU
		{C6902CD9-8A83-476C-B4BB-C6E5DAC14613}.Debug|Any CPU.Build.0 = Debug|Any CPU
		{C6902CD9-8A83-476C-B4BB-C6E5DAC14613}.Debug|x64.ActiveCfg = Debug|Any CPU
		{C6902CD9-8A83-476C-B4BB-C6E5DAC14613}.Debug|x64.Build.0 = Debug|Any CPU
		{C6902CD9-8A83-476C-B4BB-C6E5DAC14613}.Debug|x86.ActiveCfg = Debug|Any CPU
		{C6902CD9-8A83-476C-B4BB-C6E5DAC14613}.Debug|x86.Build.0 = Debug|Any CPU
		{C6902CD9-8A83-476C-B4BB-C6E5DAC14613}.Release|Any CPU.ActiveCfg = Release|Any CPU
		{C6902CD9-8A83-476C-B4BB-C6E5DAC14613}.Release|Any CPU.Build.0 = Release|Any CPU
		{C6902CD9-8A83-476C-B4BB-C6E5DAC14613}.Release|x64.ActiveCfg = Release|Any CPU
		{C6902CD9-8A83-476C-B4BB-C6E5DAC14613}.Release|x64.Build.0 = Release|Any CPU
		{C6902CD9-8A83-476C-B4BB-C6E5DAC14613}.Release|x86.ActiveCfg = Release|Any CPU
		{C6902CD9-8A83-476C-B4BB-C6E5DAC14613}.Release|x86.Build.0 = Release|Any CPU
		{88F837BC-0CFD-43F0-A47B-8CEAC3010933}.Debug|Any CPU.ActiveCfg = Debug|Any CPU
		{88F837BC-0CFD-43F0-A47B-8CEAC3010933}.Debug|Any CPU.Build.0 = Debug|Any CPU
		{88F837BC-0CFD-43F0-A47B-8CEAC3010933}.Debug|x64.ActiveCfg = Debug|Any CPU
		{88F837BC-0CFD-43F0-A47B-8CEAC3010933}.Debug|x64.Build.0 = Debug|Any CPU
		{88F837BC-0CFD-43F0-A47B-8CEAC3010933}.Debug|x86.ActiveCfg = Debug|Any CPU
		{88F837BC-0CFD-43F0-A47B-8CEAC3010933}.Debug|x86.Build.0 = Debug|Any CPU
		{88F837BC-0CFD-43F0-A47B-8CEAC3010933}.Release|Any CPU.ActiveCfg = Release|Any CPU
		{88F837BC-0CFD-43F0-A47B-8CEAC3010933}.Release|Any CPU.Build.0 = Release|Any CPU
		{88F837BC-0CFD-43F0-A47B-8CEAC3010933}.Release|x64.ActiveCfg = Release|Any CPU
		{88F837BC-0CFD-43F0-A47B-8CEAC3010933}.Release|x64.Build.0 = Release|Any CPU
		{88F837BC-0CFD-43F0-A47B-8CEAC3010933}.Release|x86.ActiveCfg = Release|Any CPU
		{88F837BC-0CFD-43F0-A47B-8CEAC3010933}.Release|x86.Build.0 = Release|Any CPU
	EndGlobalSection
	GlobalSection(SolutionProperties) = preSolution
		HideSolutionNode = FALSE
	EndGlobalSection
EndGlobal
